
Microsoft Visual Studio Solution File, Format Version 12.00
# Visual Studio Version 16
VisualStudioVersion = 16.0.30907.101
MinimumVisualStudioVersion = 10.0.40219.1
Project("{8BC9CEB8-8B4A-11D0-8D11-00A0C91BC942}") = "36", "36.vcxproj", "{E5BC670B-38EA-4CCA-A763-0AD7FE8FCFFA}"
EndProject
Global
	GlobalSection(SolutionConfigurationPlatforms) = preSolution
		Debug|x64 = Debug|x64
		Debug|x86 = Debug|x86
		Release|x64 = Release|x64
		Release|x86 = Release|x86
	EndGlobalSection
	GlobalSection(ProjectConfigurationPlatforms) = postSolution
		{E5BC670B-38EA-4CCA-A763-0AD7FE8FCFFA}.Debug|x64.ActiveCfg = Debug|x64
		{E5BC670B-38EA-4CCA-A763-0AD7FE8FCFFA}.Debug|x64.Build.0 = Debug|x64
		{E5BC670B-38EA-4CCA-A763-0AD7FE8FCFFA}.Debug|x86.ActiveCfg = Debug|Win32
		{E5BC670B-38EA-4CCA-A763-0AD7FE8FCFFA}.Debug|x86.Build.0 = Debug|Win32
		{E5BC670B-38EA-4CCA-A763-0AD7FE8FCFFA}.Release|x64.ActiveCfg = Release|x64
		{E5BC670B-38EA-4CCA-A763-0AD7FE8FCFFA}.Release|x64.Build.0 = Release|x64
		{E5BC670B-38EA-4CCA-A763-0AD7FE8FCFFA}.Release|x86.ActiveCfg = Release|Win32
		{E5BC670B-38EA-4CCA-A763-0AD7FE8FCFFA}.Release|x86.Build.0 = Release|Win32
	EndGlobalSection
	GlobalSection(SolutionProperties) = preSolution
		HideSolutionNode = FALSE
	EndGlobalSection
	GlobalSection(ExtensibilityGlobals) = postSolution
		SolutionGuid = {E2F1921B-E65B-47C9-8262-8B8E6BB32123}
	EndGlobalSection
EndGlobal
