
Microsoft Visual Studio Solution File, Format Version 12.00
# Visual Studio Version 16
VisualStudioVersion = 16.0.30907.101
MinimumVisualStudioVersion = 10.0.40219.1
Project("{8BC9CEB8-8B4A-11D0-8D11-00A0C91BC942}") = "27", "27.vcxproj", "{058DF956-9002-4CFE-B19F-7168BD329575}"
EndProject
Global
	GlobalSection(SolutionConfigurationPlatforms) = preSolution
		Debug|x64 = Debug|x64
		Debug|x86 = Debug|x86
		Release|x64 = Release|x64
		Release|x86 = Release|x86
	EndGlobalSection
	GlobalSection(ProjectConfigurationPlatforms) = postSolution
		{058DF956-9002-4CFE-B19F-7168BD329575}.Debug|x64.ActiveCfg = Debug|x64
		{058DF956-9002-4CFE-B19F-7168BD329575}.Debug|x64.Build.0 = Debug|x64
		{058DF956-9002-4CFE-B19F-7168BD329575}.Debug|x86.ActiveCfg = Debug|Win32
		{058DF956-9002-4CFE-B19F-7168BD329575}.Debug|x86.Build.0 = Debug|Win32
		{058DF956-9002-4CFE-B19F-7168BD329575}.Release|x64.ActiveCfg = Release|x64
		{058DF956-9002-4CFE-B19F-7168BD329575}.Release|x64.Build.0 = Release|x64
		{058DF956-9002-4CFE-B19F-7168BD329575}.Release|x86.ActiveCfg = Release|Win32
		{058DF956-9002-4CFE-B19F-7168BD329575}.Release|x86.Build.0 = Release|Win32
	EndGlobalSection
	GlobalSection(SolutionProperties) = preSolution
		HideSolutionNode = FALSE
	EndGlobalSection
	GlobalSection(ExtensibilityGlobals) = postSolution
		SolutionGuid = {2C19C841-EFE7-469C-8105-BD4357934BA4}
	EndGlobalSection
EndGlobal
